
Microsoft Visual Studio Solution File, Format Version 12.00
# Visual Studio Version 17
VisualStudioVersion = 17.0.31903.59
MinimumVisualStudioVersion = 10.0.40219.1
Project("{FAE04EC0-301F-11D3-BF4B-00C04F79EFBC}") = "GarageAppWeb", "GarageAppWeb.csproj", "{14CCBAB7-F51A-49CB-A465-6A17B6FFDBA5}"
EndProject
Global
	GlobalSection(SolutionConfigurationPlatforms) = preSolution
		Debug|Any CPU = Debug|Any CPU
		Release|Any CPU = Release|Any CPU
	EndGlobalSection
	GlobalSection(ProjectConfigurationPlatforms) = postSolution
		{14CCBAB7-F51A-49CB-A465-6A17B6FFDBA5}.Debug|Any CPU.ActiveCfg = Debug|Any CPU
		{14CCBAB7-F51A-49CB-A465-6A17B6FFDBA5}.Debug|Any CPU.Build.0 = Debug|Any CPU
		{14CCBAB7-F51A-49CB-A465-6A17B6FFDBA5}.Release|Any CPU.ActiveCfg = Release|Any CPU
		{14CCBAB7-F51A-49CB-A465-6A17B6FFDBA5}.Release|Any CPU.Build.0 = Release|Any CPU
	EndGlobalSection
	GlobalSection(SolutionProperties) = preSolution
		HideSolutionNode = FALSE
	EndGlobalSection
	GlobalSection(ExtensibilityGlobals) = postSolution
		SolutionGuid = {761B68C0-1A4A-4B94-927C-4636B95598A1}
	EndGlobalSection
EndGlobal
